
Microsoft Visual Studio Solution File, Format Version 12.00
# Visual Studio 15
VisualStudioVersion = 15.0.27130.2020
MinimumVisualStudioVersion = 10.0.40219.1
Project("{FAE04EC0-301F-11D3-BF4B-00C04F79EFBC}") = "PhytRx45", "PhytRx45\PhytRx45.csproj", "{16AFDB98-C428-447F-8F4D-9690005D5B00}"
EndProject
Global
	GlobalSection(SolutionConfigurationPlatforms) = preSolution
		Debug|Any CPU = Debug|Any CPU
		Release|Any CPU = Release|Any CPU
	EndGlobalSection
	GlobalSection(ProjectConfigurationPlatforms) = postSolution
		{16AFDB98-C428-447F-8F4D-9690005D5B00}.Debug|Any CPU.ActiveCfg = Debug|Any CPU
		{16AFDB98-C428-447F-8F4D-9690005D5B00}.Debug|Any CPU.Build.0 = Debug|Any CPU
		{16AFDB98-C428-447F-8F4D-9690005D5B00}.Release|Any CPU.ActiveCfg = Release|Any CPU
		{16AFDB98-C428-447F-8F4D-9690005D5B00}.Release|Any CPU.Build.0 = Release|Any CPU
	EndGlobalSection
	GlobalSection(SolutionProperties) = preSolution
		HideSolutionNode = FALSE
	EndGlobalSection
	GlobalSection(ExtensibilityGlobals) = postSolution
		SolutionGuid = {2A467CD9-280B-4056-B823-362F6D3B0A10}
	EndGlobalSection
EndGlobal
